// !$*UTF8*$!
{
	archiveVersion = 1;
	classes = {
	};
	objectVersion = 46;
	objects = {

/* Begin PBXBuildFile section */
		566BA8C61CF6CAD4003DC388 /* libSDDI.a in Frameworks */ = {isa = PBXBuildFile; fileRef = 56D3822B1CF3FBA6004801B9 /* libSDDI.a */; };
		5673C5821C5EFBB900482DBA /* main.m in Sources */ = {isa = PBXBuildFile; fileRef = 5673C5811C5EFBB900482DBA /* main.m */; };
		5673C5851C5EFBB900482DBA /* SDDEAppDelegate.m in Sources */ = {isa = PBXBuildFile; fileRef = 5673C5841C5EFBB900482DBA /* SDDEAppDelegate.m */; };
		5673C58B1C5EFBB900482DBA /* Main.storyboard in Resources */ = {isa = PBXBuildFile; fileRef = 5673C5891C5EFBB900482DBA /* Main.storyboard */; };
		5673C58D1C5EFBB900482DBA /* Assets.xcassets in Resources */ = {isa = PBXBuildFile; fileRef = 5673C58C1C5EFBB900482DBA /* Assets.xcassets */; };
		5673C5901C5EFBB900482DBA /* LaunchScreen.storyboard in Resources */ = {isa = PBXBuildFile; fileRef = 5673C58E1C5EFBB900482DBA /* LaunchScreen.storyboard */; };
		5673C59B1C5EFBB900482DBA /* SDDSchedulerTests.m in Sources */ = {isa = PBXBuildFile; fileRef = 5673C59A1C5EFBB900482DBA /* SDDSchedulerTests.m */; };
		5673C5B11C5EFC3F00482DBA /* SDDBuilderDSLTests.m in Sources */ = {isa = PBXBuildFile; fileRef = 5673C5B01C5EFC3F00482DBA /* SDDBuilderDSLTests.m */; };
		56D3822C1CF3FBA6004801B9 /* libSDDI.a in Frameworks */ = {isa = PBXBuildFile; fileRef = 56D3822B1CF3FBA6004801B9 /* libSDDI.a */; };
		56E788391CE4BDE20049D3CA /* SDDMockFlows.m in Sources */ = {isa = PBXBuildFile; fileRef = 56E788381CE4BDE20049D3CA /* SDDMockFlows.m */; };
		6B8762D31CEEF39800AFD2D2 /* SDDELBSServiceViewController.m in Sources */ = {isa = PBXBuildFile; fileRef = 6B8762D21CEEF39800AFD2D2 /* SDDELBSServiceViewController.m */; };
		D4D4AA221CEDAE77006E6409 /* SDDEContext.m in Sources */ = {isa = PBXBuildFile; fileRef = D4D4AA211CEDAE77006E6409 /* SDDEContext.m */; };
		D4E1E8CC1CEC1421000C73EA /* SDDELoginViewController.m in Sources */ = {isa = PBXBuildFile; fileRef = D4E1E8CB1CEC1421000C73EA /* SDDELoginViewController.m */; };
/* End PBXBuildFile section */

/* Begin PBXContainerItemProxy section */
		5673C5971C5EFBB900482DBA /* PBXContainerItemProxy */ = {
			isa = PBXContainerItemProxy;
			containerPortal = 5673C5751C5EFBB900482DBA /* Project object */;
			proxyType = 1;
			remoteGlobalIDString = 5673C57C1C5EFBB900482DBA;
			remoteInfo = SDDExamples;
		};
/* End PBXContainerItemProxy section */

/* Begin PBXCopyFilesBuildPhase section */
		5608A06C1CEDC0DD00CE4B1E /* Embed Frameworks */ = {
			isa = PBXCopyFilesBuildPhase;
			buildActionMask = 2147483647;
			dstPath = "";
			dstSubfolderSpec = 10;
			files = (
			);
			name = "Embed Frameworks";
			runOnlyForDeploymentPostprocessing = 0;
		};
/* End PBXCopyFilesBuildPhase section */

/* Begin PBXFileReference section */
		5673C57D1C5EFBB900482DBA /* SDDExamples.app */ = {isa = PBXFileReference; explicitFileType = wrapper.application; includeInIndex = 0; path = SDDExamples.app; sourceTree = BUILT_PRODUCTS_DIR; };
		5673C5811C5EFBB900482DBA /* main.m */ = {isa = PBXFileReference; lastKnownFileType = sourcecode.c.objc; path = main.m; sourceTree = "<group>"; };
		5673C5831C5EFBB900482DBA /* SDDEAppDelegate.h */ = {isa = PBXFileReference; lastKnownFileType = sourcecode.c.h; path = SDDEAppDelegate.h; sourceTree = "<group>"; };
		5673C5841C5EFBB900482DBA /* SDDEAppDelegate.m */ = {isa = PBXFileReference; lastKnownFileType = sourcecode.c.objc; path = SDDEAppDelegate.m; sourceTree = "<group>"; };
		5673C58A1C5EFBB900482DBA /* Base */ = {isa = PBXFileReference; lastKnownFileType = file.storyboard; name = Base; path = Base.lproj/Main.storyboard; sourceTree = "<group>"; };
		5673C58C1C5EFBB900482DBA /* Assets.xcassets */ = {isa = PBXFileReference; lastKnownFileType = folder.assetcatalog; path = Assets.xcassets; sourceTree = "<group>"; };
		5673C58F1C5EFBB900482DBA /* Base */ = {isa = PBXFileReference; lastKnownFileType = file.storyboard; name = Base; path = Base.lproj/LaunchScreen.storyboard; sourceTree = "<group>"; };
		5673C5911C5EFBB900482DBA /* Info.plist */ = {isa = PBXFileReference; lastKnownFileType = text.plist.xml; path = Info.plist; sourceTree = "<group>"; };
		5673C5961C5EFBB900482DBA /* SDDExamplesTests.xctest */ = {isa = PBXFileReference; explicitFileType = wrapper.cfbundle; includeInIndex = 0; path = SDDExamplesTests.xctest; sourceTree = BUILT_PRODUCTS_DIR; };
		5673C59A1C5EFBB900482DBA /* SDDSchedulerTests.m */ = {isa = PBXFileReference; lastKnownFileType = sourcecode.c.objc; path = SDDSchedulerTests.m; sourceTree = "<group>"; };
		5673C59C1C5EFBB900482DBA /* Info.plist */ = {isa = PBXFileReference; lastKnownFileType = text.plist.xml; path = Info.plist; sourceTree = "<group>"; };
		5673C5B01C5EFC3F00482DBA /* SDDBuilderDSLTests.m */ = {isa = PBXFileReference; fileEncoding = 4; lastKnownFileType = sourcecode.c.objc; path = SDDBuilderDSLTests.m; sourceTree = "<group>"; };
		56D3822B1CF3FBA6004801B9 /* libSDDI.a */ = {isa = PBXFileReference; lastKnownFileType = archive.ar; name = libSDDI.a; path = "../../../../Library/Developer/Xcode/DerivedData/SDDKit-caodxadizwyqrsgjbwppiasvwxxv/Build/Products/Debug-iphonesimulator/libSDDI.a"; sourceTree = "<group>"; };
		56E788371CE4BDE20049D3CA /* SDDMockFlows.h */ = {isa = PBXFileReference; fileEncoding = 4; lastKnownFileType = sourcecode.c.h; path = SDDMockFlows.h; sourceTree = "<group>"; };
		56E788381CE4BDE20049D3CA /* SDDMockFlows.m */ = {isa = PBXFileReference; fileEncoding = 4; lastKnownFileType = sourcecode.c.objc; path = SDDMockFlows.m; sourceTree = "<group>"; };
		6B8762D11CEEF39800AFD2D2 /* SDDELBSServiceViewController.h */ = {isa = PBXFileReference; fileEncoding = 4; lastKnownFileType = sourcecode.c.h; name = SDDELBSServiceViewController.h; path = ../SDDELBSServiceViewController.h; sourceTree = "<group>"; };
		6B8762D21CEEF39800AFD2D2 /* SDDELBSServiceViewController.m */ = {isa = PBXFileReference; fileEncoding = 4; lastKnownFileType = sourcecode.c.objc; name = SDDELBSServiceViewController.m; path = ../SDDELBSServiceViewController.m; sourceTree = "<group>"; };
		D4D4AA201CEDAE76006E6409 /* SDDEContext.h */ = {isa = PBXFileReference; fileEncoding = 4; lastKnownFileType = sourcecode.c.h; path = SDDEContext.h; sourceTree = "<group>"; };
		D4D4AA211CEDAE77006E6409 /* SDDEContext.m */ = {isa = PBXFileReference; fileEncoding = 4; lastKnownFileType = sourcecode.c.objc; path = SDDEContext.m; sourceTree = "<group>"; };
		D4E1E8CA1CEC1421000C73EA /* SDDELoginViewController.h */ = {isa = PBXFileReference; fileEncoding = 4; lastKnownFileType = sourcecode.c.h; path = SDDELoginViewController.h; sourceTree = "<group>"; };
		D4E1E8CB1CEC1421000C73EA /* SDDELoginViewController.m */ = {isa = PBXFileReference; fileEncoding = 4; lastKnownFileType = sourcecode.c.objc; path = SDDELoginViewController.m; sourceTree = "<group>"; };
/* End PBXFileReference section */

/* Begin PBXFrameworksBuildPhase section */
		5673C57A1C5EFBB900482DBA /* Frameworks */ = {
			isa = PBXFrameworksBuildPhase;
			buildActionMask = 2147483647;
			files = (
				56D3822C1CF3FBA6004801B9 /* libSDDI.a in Frameworks */,
			);
			runOnlyForDeploymentPostprocessing = 0;
		};
		5673C5931C5EFBB900482DBA /* Frameworks */ = {
			isa = PBXFrameworksBuildPhase;
			buildActionMask = 2147483647;
			files = (
				566BA8C61CF6CAD4003DC388 /* libSDDI.a in Frameworks */,
			);
			runOnlyForDeploymentPostprocessing = 0;
		};
/* End PBXFrameworksBuildPhase section */

/* Begin PBXGroup section */
		5673C5741C5EFBB900482DBA = {
			isa = PBXGroup;
			children = (
				56D3822B1CF3FBA6004801B9 /* libSDDI.a */,
				5673C57F1C5EFBB900482DBA /* SDDExamples */,
				5673C5991C5EFBB900482DBA /* SDDExamplesTests */,
				5673C57E1C5EFBB900482DBA /* Products */,
			);
			sourceTree = "<group>";
		};
		5673C57E1C5EFBB900482DBA /* Products */ = {
			isa = PBXGroup;
			children = (
				5673C57D1C5EFBB900482DBA /* SDDExamples.app */,
				5673C5961C5EFBB900482DBA /* SDDExamplesTests.xctest */,
			);
			name = Products;
			sourceTree = "<group>";
		};
		5673C57F1C5EFBB900482DBA /* SDDExamples */ = {
			isa = PBXGroup;
			children = (
				5673C5831C5EFBB900482DBA /* SDDEAppDelegate.h */,
				5673C5841C5EFBB900482DBA /* SDDEAppDelegate.m */,
				6B8762D11CEEF39800AFD2D2 /* SDDELBSServiceViewController.h */,
				6B8762D21CEEF39800AFD2D2 /* SDDELBSServiceViewController.m */,
				D4E1E8CA1CEC1421000C73EA /* SDDELoginViewController.h */,
				D4E1E8CB1CEC1421000C73EA /* SDDELoginViewController.m */,
				5673C5891C5EFBB900482DBA /* Main.storyboard */,
				5673C58E1C5EFBB900482DBA /* LaunchScreen.storyboard */,
				5673C58C1C5EFBB900482DBA /* Assets.xcassets */,
				D4D4AA201CEDAE76006E6409 /* SDDEContext.h */,
				D4D4AA211CEDAE77006E6409 /* SDDEContext.m */,
				5673C5801C5EFBB900482DBA /* Supporting Files */,
			);
			path = SDDExamples;
			sourceTree = "<group>";
		};
		5673C5801C5EFBB900482DBA /* Supporting Files */ = {
			isa = PBXGroup;
			children = (
				5673C5911C5EFBB900482DBA /* Info.plist */,
				5673C5811C5EFBB900482DBA /* main.m */,
			);
			name = "Supporting Files";
			sourceTree = "<group>";
		};
		5673C5991C5EFBB900482DBA /* SDDExamplesTests */ = {
			isa = PBXGroup;
			children = (
				56E788371CE4BDE20049D3CA /* SDDMockFlows.h */,
				56E788381CE4BDE20049D3CA /* SDDMockFlows.m */,
				5673C5B01C5EFC3F00482DBA /* SDDBuilderDSLTests.m */,
				5673C59A1C5EFBB900482DBA /* SDDSchedulerTests.m */,
				5673C59C1C5EFBB900482DBA /* Info.plist */,
			);
			path = SDDExamplesTests;
			sourceTree = "<group>";
		};
/* End PBXGroup section */

/* Begin PBXNativeTarget section */
		5673C57C1C5EFBB900482DBA /* SDDExamples */ = {
			isa = PBXNativeTarget;
			buildConfigurationList = 5673C59F1C5EFBB900482DBA /* Build configuration list for PBXNativeTarget "SDDExamples" */;
			buildPhases = (
				5673C5791C5EFBB900482DBA /* Sources */,
				5673C57A1C5EFBB900482DBA /* Frameworks */,
				5673C57B1C5EFBB900482DBA /* Resources */,
				5608A06C1CEDC0DD00CE4B1E /* Embed Frameworks */,
			);
			buildRules = (
			);
			dependencies = (
			);
			name = SDDExamples;
			productName = SDDExamples;
			productReference = 5673C57D1C5EFBB900482DBA /* SDDExamples.app */;
			productType = "com.apple.product-type.application";
		};
		5673C5951C5EFBB900482DBA /* SDDExamplesTests */ = {
			isa = PBXNativeTarget;
			buildConfigurationList = 5673C5A21C5EFBB900482DBA /* Build configuration list for PBXNativeTarget "SDDExamplesTests" */;
			buildPhases = (
				5673C5921C5EFBB900482DBA /* Sources */,
				5673C5931C5EFBB900482DBA /* Frameworks */,
				5673C5941C5EFBB900482DBA /* Resources */,
			);
			buildRules = (
			);
			dependencies = (
				5673C5981C5EFBB900482DBA /* PBXTargetDependency */,
			);
			name = SDDExamplesTests;
			productName = SDDExamplesTests;
			productReference = 5673C5961C5EFBB900482DBA /* SDDExamplesTests.xctest */;
			productType = "com.apple.product-type.bundle.unit-test";
		};
/* End PBXNativeTarget section */

/* Begin PBXProject section */
		5673C5751C5EFBB900482DBA /* Project object */ = {
			isa = PBXProject;
			attributes = {
				LastUpgradeCheck = 0720;
				ORGANIZATIONNAME = yy;
				TargetAttributes = {
					5673C57C1C5EFBB900482DBA = {
						CreatedOnToolsVersion = 7.2;
					};
					5673C5951C5EFBB900482DBA = {
						CreatedOnToolsVersion = 7.2;
					};
				};
			};
			buildConfigurationList = 5673C5781C5EFBB900482DBA /* Build configuration list for PBXProject "SDDExamples" */;
			compatibilityVersion = "Xcode 3.2";
			developmentRegion = English;
			hasScannedForEncodings = 0;
			knownRegions = (
				en,
				Base,
			);
			mainGroup = 5673C5741C5EFBB900482DBA;
			productRefGroup = 5673C57E1C5EFBB900482DBA /* Products */;
			projectDirPath = "";
			projectRoot = "";
			targets = (
				5673C57C1C5EFBB900482DBA /* SDDExamples */,
				5673C5951C5EFBB900482DBA /* SDDExamplesTests */,
			);
		};
/* End PBXProject section */

/* Begin PBXResourcesBuildPhase section */
		5673C57B1C5EFBB900482DBA /* Resources */ = {
			isa = PBXResourcesBuildPhase;
			buildActionMask = 2147483647;
			files = (
				5673C5901C5EFBB900482DBA /* LaunchScreen.storyboard in Resources */,
				5673C58D1C5EFBB900482DBA /* Assets.xcassets in Resources */,
				5673C58B1C5EFBB900482DBA /* Main.storyboard in Resources */,
			);
			runOnlyForDeploymentPostprocessing = 0;
		};
		5673C5941C5EFBB900482DBA /* Resources */ = {
			isa = PBXResourcesBuildPhase;
			buildActionMask = 2147483647;
			files = (
			);
			runOnlyForDeploymentPostprocessing = 0;
		};
/* End PBXResourcesBuildPhase section */

/* Begin PBXSourcesBuildPhase section */
		5673C5791C5EFBB900482DBA /* Sources */ = {
			isa = PBXSourcesBuildPhase;
			buildActionMask = 2147483647;
			files = (
				D4E1E8CC1CEC1421000C73EA /* SDDELoginViewController.m in Sources */,
				5673C5851C5EFBB900482DBA /* SDDEAppDelegate.m in Sources */,
				6B8762D31CEEF39800AFD2D2 /* SDDELBSServiceViewController.m in Sources */,
				D4D4AA221CEDAE77006E6409 /* SDDEContext.m in Sources */,
				5673C5821C5EFBB900482DBA /* main.m in Sources */,
			);
			runOnlyForDeploymentPostprocessing = 0;
		};
		5673C5921C5EFBB900482DBA /* Sources */ = {
			isa = PBXSourcesBuildPhase;
			buildActionMask = 2147483647;
			files = (
				5673C59B1C5EFBB900482DBA /* SDDSchedulerTests.m in Sources */,
				5673C5B11C5EFC3F00482DBA /* SDDBuilderDSLTests.m in Sources */,
				56E788391CE4BDE20049D3CA /* SDDMockFlows.m in Sources */,
			);
			runOnlyForDeploymentPostprocessing = 0;
		};
/* End PBXSourcesBuildPhase section */

/* Begin PBXTargetDependency section */
		5673C5981C5EFBB900482DBA /* PBXTargetDependency */ = {
			isa = PBXTargetDependency;
			target = 5673C57C1C5EFBB900482DBA /* SDDExamples */;
			targetProxy = 5673C5971C5EFBB900482DBA /* PBXContainerItemProxy */;
		};
/* End PBXTargetDependency section */

/* Begin PBXVariantGroup section */
		5673C5891C5EFBB900482DBA /* Main.storyboard */ = {
			isa = PBXVariantGroup;
			children = (
				5673C58A1C5EFBB900482DBA /* Base */,
			);
			name = Main.storyboard;
			sourceTree = "<group>";
		};
		5673C58E1C5EFBB900482DBA /* LaunchScreen.storyboard */ = {
			isa = PBXVariantGroup;
			children = (
				5673C58F1C5EFBB900482DBA /* Base */,
			);
			name = LaunchScreen.storyboard;
			sourceTree = "<group>";
		};
/* End PBXVariantGroup section */

/* Begin XCBuildConfiguration section */
		5673C59D1C5EFBB900482DBA /* Debug */ = {
			isa = XCBuildConfiguration;
			buildSettings = {
				ALWAYS_SEARCH_USER_PATHS = NO;
				CLANG_CXX_LANGUAGE_STANDARD = "gnu++0x";
				CLANG_CXX_LIBRARY = "libc++";
				CLANG_ENABLE_MODULES = YES;
				CLANG_ENABLE_OBJC_ARC = YES;
				CLANG_WARN_BOOL_CONVERSION = YES;
				CLANG_WARN_CONSTANT_CONVERSION = YES;
				CLANG_WARN_DIRECT_OBJC_ISA_USAGE = YES_ERROR;
				CLANG_WARN_EMPTY_BODY = YES;
				CLANG_WARN_ENUM_CONVERSION = YES;
				CLANG_WARN_INT_CONVERSION = YES;
				CLANG_WARN_OBJC_ROOT_CLASS = YES_ERROR;
				CLANG_WARN_UNREACHABLE_CODE = YES;
				CLANG_WARN__DUPLICATE_METHOD_MATCH = YES;
				"CODE_SIGN_IDENTITY[sdk=iphoneos*]" = "iPhone Developer";
				COPY_PHASE_STRIP = NO;
				DEBUG_INFORMATION_FORMAT = dwarf;
				ENABLE_STRICT_OBJC_MSGSEND = YES;
				ENABLE_TESTABILITY = YES;
				GCC_C_LANGUAGE_STANDARD = gnu99;
				GCC_DYNAMIC_NO_PIC = NO;
				GCC_NO_COMMON_BLOCKS = YES;
				GCC_OPTIMIZATION_LEVEL = 0;
				GCC_PREPROCESSOR_DEFINITIONS = (
					"DEBUG=1",
					"$(inherited)",
				);
				GCC_WARN_64_TO_32_BIT_CONVERSION = YES;
				GCC_WARN_ABOUT_RETURN_TYPE = YES_ERROR;
				GCC_WARN_UNDECLARED_SELECTOR = YES;
				GCC_WARN_UNINITIALIZED_AUTOS = YES_AGGRESSIVE;
				GCC_WARN_UNUSED_FUNCTION = YES;
				GCC_WARN_UNUSED_VARIABLE = YES;
				IPHONEOS_DEPLOYMENT_TARGET = 9.2;
				MTL_ENABLE_DEBUG_INFO = YES;
				ONLY_ACTIVE_ARCH = NO;
				SDKROOT = iphoneos;
				TARGETED_DEVICE_FAMILY = "1,2";
			};
			name = Debug;
		};
		5673C59E1C5EFBB900482DBA /* Release */ = {
			isa = XCBuildConfiguration;
			buildSettings = {
				ALWAYS_SEARCH_USER_PATHS = NO;
				CLANG_CXX_LANGUAGE_STANDARD = "gnu++0x";
				CLANG_CXX_LIBRARY = "libc++";
				CLANG_ENABLE_MODULES = YES;
				CLANG_ENABLE_OBJC_ARC = YES;
				CLANG_WARN_BOOL_CONVERSION = YES;
				CLANG_WARN_CONSTANT_CONVERSION = YES;
				CLANG_WARN_DIRECT_OBJC_ISA_USAGE = YES_ERROR;
				CLANG_WARN_EMPTY_BODY = YES;
				CLANG_WARN_ENUM_CONVERSION = YES;
				CLANG_WARN_INT_CONVERSION = YES;
				CLANG_WARN_OBJC_ROOT_CLASS = YES_ERROR;
				CLANG_WARN_UNREACHABLE_CODE = YES;
				CLANG_WARN__DUPLICATE_METHOD_MATCH = YES;
				"CODE_SIGN_IDENTITY[sdk=iphoneos*]" = "iPhone Developer";
				COPY_PHASE_STRIP = NO;
				DEBUG_INFORMATION_FORMAT = "dwarf-with-dsym";
				ENABLE_NS_ASSERTIONS = NO;
				ENABLE_STRICT_OBJC_MSGSEND = YES;
				GCC_C_LANGUAGE_STANDARD = gnu99;
				GCC_NO_COMMON_BLOCKS = YES;
				GCC_WARN_64_TO_32_BIT_CONVERSION = YES;
				GCC_WARN_ABOUT_RETURN_TYPE = YES_ERROR;
				GCC_WARN_UNDECLARED_SELECTOR = YES;
				GCC_WARN_UNINITIALIZED_AUTOS = YES_AGGRESSIVE;
				GCC_WARN_UNUSED_FUNCTION = YES;
				GCC_WARN_UNUSED_VARIABLE = YES;
				IPHONEOS_DEPLOYMENT_TARGET = 9.2;
				MTL_ENABLE_DEBUG_INFO = NO;
				SDKROOT = iphoneos;
				TARGETED_DEVICE_FAMILY = "1,2";
				VALIDATE_PRODUCT = YES;
			};
			name = Release;
		};
		5673C5A01C5EFBB900482DBA /* Debug */ = {
			isa = XCBuildConfiguration;
			buildSettings = {
				ASSETCATALOG_COMPILER_APPICON_NAME = AppIcon;
				CODE_SIGN_IDENTITY = "iPhone Developer";
				"CODE_SIGN_IDENTITY[sdk=iphoneos*]" = "iPhone Developer";
				HEADER_SEARCH_PATHS = "$(SRCROOT)/../SDD/**";
				INFOPLIST_FILE = SDDExamples/Info.plist;
				IPHONEOS_DEPLOYMENT_TARGET = 8.0;
				LD_RUNPATH_SEARCH_PATHS = "$(inherited) @executable_path/Frameworks";
				OTHER_LDFLAGS = "-ObjC";
				PRODUCT_BUNDLE_IDENTIFIER = Flash.SDDExamples;
				PRODUCT_NAME = "$(TARGET_NAME)";
				PROVISIONING_PROFILE = "";
				USER_HEADER_SEARCH_PATHS = "";
			};
			name = Debug;
		};
		5673C5A11C5EFBB900482DBA /* Release */ = {
			isa = XCBuildConfiguration;
			buildSettings = {
				ASSETCATALOG_COMPILER_APPICON_NAME = AppIcon;
				CODE_SIGN_IDENTITY = "iPhone Developer";
				"CODE_SIGN_IDENTITY[sdk=iphoneos*]" = "iPhone Developer";
				HEADER_SEARCH_PATHS = "$(SRCROOT)/../SDD/**";
				INFOPLIST_FILE = SDDExamples/Info.plist;
				IPHONEOS_DEPLOYMENT_TARGET = 8.0;
				LD_RUNPATH_SEARCH_PATHS = "$(inherited) @executable_path/Frameworks";
				OTHER_LDFLAGS = "-ObjC";
				PRODUCT_BUNDLE_IDENTIFIER = Flash.SDDExamples;
				PRODUCT_NAME = "$(TARGET_NAME)";
				PROVISIONING_PROFILE = "";
				USER_HEADER_SEARCH_PATHS = "";
			};
			name = Release;
		};
		5673C5A31C5EFBB900482DBA /* Debug */ = {
			isa = XCBuildConfiguration;
			buildSettings = {
				HEADER_SEARCH_PATHS = "$(SRCROOT)/../SDD/**";
				INFOPLIST_FILE = SDDExamplesTests/Info.plist;
				LD_RUNPATH_SEARCH_PATHS = "$(inherited) @executable_path/Frameworks @loader_path/Frameworks";
				OTHER_LDFLAGS = (
					"$(OTHER_LDFLAGS)",
					"-ObjC",
				);
				PRODUCT_BUNDLE_IDENTIFIER = yy.SDDExamplesTests;
				PRODUCT_NAME = "$(TARGET_NAME)";
			};
			name = Debug;
		};
		5673C5A41C5EFBB900482DBA /* Release */ = {
			isa = XCBuildConfiguration;
			buildSettings = {
				HEADER_SEARCH_PATHS = "$(SRCROOT)/../SDD/**";
				INFOPLIST_FILE = SDDExamplesTests/Info.plist;
				LD_RUNPATH_SEARCH_PATHS = "$(inherited) @executable_path/Frameworks @loader_path/Frameworks";
				OTHER_LDFLAGS = (
					"$(OTHER_LDFLAGS)",
					"-ObjC",
				);
				PRODUCT_BUNDLE_IDENTIFIER = yy.SDDExamplesTests;
				PRODUCT_NAME = "$(TARGET_NAME)";
			};
			name = Release;
		};
/* End XCBuildConfiguration section */

/* Begin XCConfigurationList section */
		5673C5781C5EFBB900482DBA /* Build configuration list for PBXProject "SDDExamples" */ = {
			isa = XCConfigurationList;
			buildConfigurations = (
				5673C59D1C5EFBB900482DBA /* Debug */,
				5673C59E1C5EFBB900482DBA /* Release */,
			);
			defaultConfigurationIsVisible = 0;
			defaultConfigurationName = Release;
		};
		5673C59F1C5EFBB900482DBA /* Build configuration list for PBXNativeTarget "SDDExamples" */ = {
			isa = XCConfigurationList;
			buildConfigurations = (
				5673C5A01C5EFBB900482DBA /* Debug */,
				5673C5A11C5EFBB900482DBA /* Release */,
			);
			defaultConfigurationIsVisible = 0;
			defaultConfigurationName = Release;
		};
		5673C5A21C5EFBB900482DBA /* Build configuration list for PBXNativeTarget "SDDExamplesTests" */ = {
			isa = XCConfigurationList;
			buildConfigurations = (
				5673C5A31C5EFBB900482DBA /* Debug */,
				5673C5A41C5EFBB900482DBA /* Release */,
			);
			defaultConfigurationIsVisible = 0;
			defaultConfigurationName = Release;
		};
/* End XCConfigurationList section */
	};
	rootObject = 5673C5751C5EFBB900482DBA /* Project object */;
}
