// !$*UTF8*$!
{
	archiveVersion = 1;
	classes = {
	};
	objectVersion = 46;
	objects = {

/* Begin PBXBuildFile section */
		56D382081CF3FA6C004801B9 /* SDDISocketReporter.m in Sources */ = {isa = PBXBuildFile; fileRef = 56AD9AD61CEB2EC8003EC9B7 /* SDDISocketReporter.m */; };
		56D382091CF3FA79004801B9 /* sdd_array.c in Sources */ = {isa = PBXBuildFile; fileRef = 5696AA381CE8C79B00CAB7CC /* sdd_array.c */; };
		56D3820A1CF3FA79004801B9 /* sdd_builder.c in Sources */ = {isa = PBXBuildFile; fileRef = 5696AA3A1CE8C79B00CAB7CC /* sdd_builder.c */; };
		56D3820B1CF3FA79004801B9 /* sdd_builder.tab.c in Sources */ = {isa = PBXBuildFile; fileRef = 5696AA3C1CE8C79B00CAB7CC /* sdd_builder.tab.c */; };
		56D3820C1CF3FA79004801B9 /* sdd_builder.yy.c in Sources */ = {isa = PBXBuildFile; fileRef = 5696AA3E1CE8C79B00CAB7CC /* sdd_builder.yy.c */; };
		56D3820D1CF3FA79004801B9 /* sdd_parser.c in Sources */ = {isa = PBXBuildFile; fileRef = 5696AA3F1CE8C79B00CAB7CC /* sdd_parser.c */; };
		56D3820E1CF3FA79004801B9 /* VCPDynamic.m in Sources */ = {isa = PBXBuildFile; fileRef = 564711F01CEF523E0079C43A /* VCPDynamic.m */; };
		56D3820F1CF3FA79004801B9 /* SDDEventsPool.m in Sources */ = {isa = PBXBuildFile; fileRef = 562CA54F1CE5EB4D00861684 /* SDDEventsPool.m */; };
		56D382101CF3FA79004801B9 /* SDDScheduler.m in Sources */ = {isa = PBXBuildFile; fileRef = 562CA5511CE5EB4D00861684 /* SDDScheduler.m */; };
		56D382111CF3FA79004801B9 /* SDDSchedulerBuilder.m in Sources */ = {isa = PBXBuildFile; fileRef = 562CA5531CE5EB4D00861684 /* SDDSchedulerBuilder.m */; };
		56D3821F1CF3FAEB004801B9 /* sdd_array.c in Sources */ = {isa = PBXBuildFile; fileRef = 5696AA381CE8C79B00CAB7CC /* sdd_array.c */; };
		56D382201CF3FAEB004801B9 /* sdd_builder.c in Sources */ = {isa = PBXBuildFile; fileRef = 5696AA3A1CE8C79B00CAB7CC /* sdd_builder.c */; };
		56D382211CF3FAEB004801B9 /* sdd_builder.tab.c in Sources */ = {isa = PBXBuildFile; fileRef = 5696AA3C1CE8C79B00CAB7CC /* sdd_builder.tab.c */; };
		56D382221CF3FAEB004801B9 /* sdd_builder.yy.c in Sources */ = {isa = PBXBuildFile; fileRef = 5696AA3E1CE8C79B00CAB7CC /* sdd_builder.yy.c */; };
		56D382231CF3FAEB004801B9 /* sdd_parser.c in Sources */ = {isa = PBXBuildFile; fileRef = 5696AA3F1CE8C79B00CAB7CC /* sdd_parser.c */; };
		56D382241CF3FAEB004801B9 /* VCPDynamic.m in Sources */ = {isa = PBXBuildFile; fileRef = 564711F01CEF523E0079C43A /* VCPDynamic.m */; };
		56D382251CF3FAEB004801B9 /* SDDEventsPool.m in Sources */ = {isa = PBXBuildFile; fileRef = 562CA54F1CE5EB4D00861684 /* SDDEventsPool.m */; };
		56D382261CF3FAEB004801B9 /* SDDScheduler.m in Sources */ = {isa = PBXBuildFile; fileRef = 562CA5511CE5EB4D00861684 /* SDDScheduler.m */; };
		56D382271CF3FAEB004801B9 /* SDDSchedulerBuilder.m in Sources */ = {isa = PBXBuildFile; fileRef = 562CA5531CE5EB4D00861684 /* SDDSchedulerBuilder.m */; };
		56D382281CF3FAEB004801B9 /* SDDService.m in Sources */ = {isa = PBXBuildFile; fileRef = 56AD9ADA1CEB2F44003EC9B7 /* SDDService.m */; };
		56D382291CF3FAEB004801B9 /* SDDServicePeer.m in Sources */ = {isa = PBXBuildFile; fileRef = 56AD9ADC1CEB2F44003EC9B7 /* SDDServicePeer.m */; };
		56D3822A1CF3FAEB004801B9 /* TCPServer.m in Sources */ = {isa = PBXBuildFile; fileRef = 56AD9ADE1CEB2F44003EC9B7 /* TCPServer.m */; };
/* End PBXBuildFile section */

/* Begin PBXCopyFilesBuildPhase section */
		56D381FD1CF3FA1E004801B9 /* CopyFiles */ = {
			isa = PBXCopyFilesBuildPhase;
			buildActionMask = 2147483647;
			dstPath = "include/$(PRODUCT_NAME)";
			dstSubfolderSpec = 16;
			files = (
			);
			runOnlyForDeploymentPostprocessing = 0;
		};
/* End PBXCopyFilesBuildPhase section */

/* Begin PBXFileReference section */
		562CA53C1CE5EB1F00861684 /* SDD.h */ = {isa = PBXFileReference; lastKnownFileType = sourcecode.c.h; path = SDD.h; sourceTree = "<group>"; };
		562CA54E1CE5EB4D00861684 /* SDDEventsPool.h */ = {isa = PBXFileReference; fileEncoding = 4; lastKnownFileType = sourcecode.c.h; path = SDDEventsPool.h; sourceTree = "<group>"; };
		562CA54F1CE5EB4D00861684 /* SDDEventsPool.m */ = {isa = PBXFileReference; fileEncoding = 4; lastKnownFileType = sourcecode.c.objc; path = SDDEventsPool.m; sourceTree = "<group>"; };
		562CA5501CE5EB4D00861684 /* SDDScheduler.h */ = {isa = PBXFileReference; fileEncoding = 4; lastKnownFileType = sourcecode.c.h; path = SDDScheduler.h; sourceTree = "<group>"; };
		562CA5511CE5EB4D00861684 /* SDDScheduler.m */ = {isa = PBXFileReference; fileEncoding = 4; lastKnownFileType = sourcecode.c.objc; path = SDDScheduler.m; sourceTree = "<group>"; };
		562CA5521CE5EB4D00861684 /* SDDSchedulerBuilder.h */ = {isa = PBXFileReference; fileEncoding = 4; lastKnownFileType = sourcecode.c.h; path = SDDSchedulerBuilder.h; sourceTree = "<group>"; };
		562CA5531CE5EB4D00861684 /* SDDSchedulerBuilder.m */ = {isa = PBXFileReference; fileEncoding = 4; lastKnownFileType = sourcecode.c.objc; path = SDDSchedulerBuilder.m; sourceTree = "<group>"; };
		564711EF1CEF523E0079C43A /* VCPDynamic.h */ = {isa = PBXFileReference; fileEncoding = 4; lastKnownFileType = sourcecode.c.h; path = VCPDynamic.h; sourceTree = "<group>"; };
		564711F01CEF523E0079C43A /* VCPDynamic.m */ = {isa = PBXFileReference; fileEncoding = 4; lastKnownFileType = sourcecode.c.objc; path = VCPDynamic.m; sourceTree = "<group>"; };
		5696AA381CE8C79B00CAB7CC /* sdd_array.c */ = {isa = PBXFileReference; fileEncoding = 4; lastKnownFileType = sourcecode.c.c; path = sdd_array.c; sourceTree = "<group>"; };
		5696AA391CE8C79B00CAB7CC /* sdd_array.h */ = {isa = PBXFileReference; fileEncoding = 4; lastKnownFileType = sourcecode.c.h; path = sdd_array.h; sourceTree = "<group>"; };
		5696AA3A1CE8C79B00CAB7CC /* sdd_builder.c */ = {isa = PBXFileReference; fileEncoding = 4; lastKnownFileType = sourcecode.c.c; path = sdd_builder.c; sourceTree = "<group>"; };
		5696AA3B1CE8C79B00CAB7CC /* sdd_builder.h */ = {isa = PBXFileReference; fileEncoding = 4; lastKnownFileType = sourcecode.c.h; path = sdd_builder.h; sourceTree = "<group>"; };
		5696AA3C1CE8C79B00CAB7CC /* sdd_builder.tab.c */ = {isa = PBXFileReference; fileEncoding = 4; lastKnownFileType = sourcecode.c.c; path = sdd_builder.tab.c; sourceTree = "<group>"; };
		5696AA3D1CE8C79B00CAB7CC /* sdd_builder.tab.h */ = {isa = PBXFileReference; fileEncoding = 4; lastKnownFileType = sourcecode.c.h; path = sdd_builder.tab.h; sourceTree = "<group>"; };
		5696AA3E1CE8C79B00CAB7CC /* sdd_builder.yy.c */ = {isa = PBXFileReference; fileEncoding = 4; lastKnownFileType = sourcecode.c.c; path = sdd_builder.yy.c; sourceTree = "<group>"; };
		5696AA3F1CE8C79B00CAB7CC /* sdd_parser.c */ = {isa = PBXFileReference; fileEncoding = 4; lastKnownFileType = sourcecode.c.c; path = sdd_parser.c; sourceTree = "<group>"; };
		5696AA401CE8C79B00CAB7CC /* sdd_parser.h */ = {isa = PBXFileReference; fileEncoding = 4; lastKnownFileType = sourcecode.c.h; path = sdd_parser.h; sourceTree = "<group>"; };
		5696AA6D1CE8CE2B00CAB7CC /* SDDX.h */ = {isa = PBXFileReference; lastKnownFileType = sourcecode.c.h; path = SDDX.h; sourceTree = "<group>"; };
		56AD9AAD1CEADE8A003EC9B7 /* SDDI.h */ = {isa = PBXFileReference; lastKnownFileType = sourcecode.c.h; path = SDDI.h; sourceTree = "<group>"; };
		56AD9AD51CEB2EC8003EC9B7 /* SDDISocketReporter.h */ = {isa = PBXFileReference; fileEncoding = 4; lastKnownFileType = sourcecode.c.h; path = SDDISocketReporter.h; sourceTree = "<group>"; };
		56AD9AD61CEB2EC8003EC9B7 /* SDDISocketReporter.m */ = {isa = PBXFileReference; fileEncoding = 4; lastKnownFileType = sourcecode.c.objc; path = SDDISocketReporter.m; sourceTree = "<group>"; };
		56AD9AD91CEB2F44003EC9B7 /* SDDService.h */ = {isa = PBXFileReference; fileEncoding = 4; lastKnownFileType = sourcecode.c.h; path = SDDService.h; sourceTree = "<group>"; };
		56AD9ADA1CEB2F44003EC9B7 /* SDDService.m */ = {isa = PBXFileReference; fileEncoding = 4; lastKnownFileType = sourcecode.c.objc; path = SDDService.m; sourceTree = "<group>"; };
		56AD9ADB1CEB2F44003EC9B7 /* SDDServicePeer.h */ = {isa = PBXFileReference; fileEncoding = 4; lastKnownFileType = sourcecode.c.h; path = SDDServicePeer.h; sourceTree = "<group>"; };
		56AD9ADC1CEB2F44003EC9B7 /* SDDServicePeer.m */ = {isa = PBXFileReference; fileEncoding = 4; lastKnownFileType = sourcecode.c.objc; path = SDDServicePeer.m; sourceTree = "<group>"; };
		56AD9ADD1CEB2F44003EC9B7 /* TCPServer.h */ = {isa = PBXFileReference; fileEncoding = 4; lastKnownFileType = sourcecode.c.h; path = TCPServer.h; sourceTree = "<group>"; };
		56AD9ADE1CEB2F44003EC9B7 /* TCPServer.m */ = {isa = PBXFileReference; fileEncoding = 4; lastKnownFileType = sourcecode.c.objc; path = TCPServer.m; sourceTree = "<group>"; };
		56D381FF1CF3FA1E004801B9 /* libSDDI.a */ = {isa = PBXFileReference; explicitFileType = archive.ar; includeInIndex = 0; path = libSDDI.a; sourceTree = BUILT_PRODUCTS_DIR; };
		56D382161CF3FADC004801B9 /* libSDDX.a */ = {isa = PBXFileReference; explicitFileType = archive.ar; includeInIndex = 0; path = libSDDX.a; sourceTree = BUILT_PRODUCTS_DIR; };
/* End PBXFileReference section */

/* Begin PBXFrameworksBuildPhase section */
		56D381FC1CF3FA1E004801B9 /* Frameworks */ = {
			isa = PBXFrameworksBuildPhase;
			buildActionMask = 2147483647;
			files = (
			);
			runOnlyForDeploymentPostprocessing = 0;
		};
		56D382131CF3FADC004801B9 /* Frameworks */ = {
			isa = PBXFrameworksBuildPhase;
			buildActionMask = 2147483647;
			files = (
			);
			runOnlyForDeploymentPostprocessing = 0;
		};
/* End PBXFrameworksBuildPhase section */

/* Begin PBXGroup section */
		562CA5301CE5EB1F00861684 = {
			isa = PBXGroup;
			children = (
				562CA53B1CE5EB1F00861684 /* SDD */,
				5696AA6C1CE8CE2B00CAB7CC /* SDDX */,
				56AD9AAC1CEADE8A003EC9B7 /* SDDI */,
				562CA53A1CE5EB1F00861684 /* Products */,
			);
			sourceTree = "<group>";
		};
		562CA53A1CE5EB1F00861684 /* Products */ = {
			isa = PBXGroup;
			children = (
				56D381FF1CF3FA1E004801B9 /* libSDDI.a */,
				56D382161CF3FADC004801B9 /* libSDDX.a */,
			);
			name = Products;
			sourceTree = "<group>";
		};
		562CA53B1CE5EB1F00861684 /* SDD */ = {
			isa = PBXGroup;
			children = (
				5696AA381CE8C79B00CAB7CC /* sdd_array.c */,
				5696AA391CE8C79B00CAB7CC /* sdd_array.h */,
				5696AA3A1CE8C79B00CAB7CC /* sdd_builder.c */,
				5696AA3B1CE8C79B00CAB7CC /* sdd_builder.h */,
				5696AA3C1CE8C79B00CAB7CC /* sdd_builder.tab.c */,
				5696AA3D1CE8C79B00CAB7CC /* sdd_builder.tab.h */,
				5696AA3E1CE8C79B00CAB7CC /* sdd_builder.yy.c */,
				5696AA3F1CE8C79B00CAB7CC /* sdd_parser.c */,
				5696AA401CE8C79B00CAB7CC /* sdd_parser.h */,
				564711EF1CEF523E0079C43A /* VCPDynamic.h */,
				564711F01CEF523E0079C43A /* VCPDynamic.m */,
				562CA54E1CE5EB4D00861684 /* SDDEventsPool.h */,
				562CA54F1CE5EB4D00861684 /* SDDEventsPool.m */,
				562CA5501CE5EB4D00861684 /* SDDScheduler.h */,
				562CA5511CE5EB4D00861684 /* SDDScheduler.m */,
				562CA5521CE5EB4D00861684 /* SDDSchedulerBuilder.h */,
				562CA5531CE5EB4D00861684 /* SDDSchedulerBuilder.m */,
				562CA53C1CE5EB1F00861684 /* SDD.h */,
			);
			path = SDD;
			sourceTree = "<group>";
		};
		5696AA6C1CE8CE2B00CAB7CC /* SDDX */ = {
			isa = PBXGroup;
			children = (
				56AD9AD91CEB2F44003EC9B7 /* SDDService.h */,
				56AD9ADA1CEB2F44003EC9B7 /* SDDService.m */,
				56AD9ADB1CEB2F44003EC9B7 /* SDDServicePeer.h */,
				56AD9ADC1CEB2F44003EC9B7 /* SDDServicePeer.m */,
				56AD9ADD1CEB2F44003EC9B7 /* TCPServer.h */,
				56AD9ADE1CEB2F44003EC9B7 /* TCPServer.m */,
				5696AA6D1CE8CE2B00CAB7CC /* SDDX.h */,
			);
			path = SDDX;
			sourceTree = "<group>";
		};
		56AD9AAC1CEADE8A003EC9B7 /* SDDI */ = {
			isa = PBXGroup;
			children = (
				56AD9AD51CEB2EC8003EC9B7 /* SDDISocketReporter.h */,
				56AD9AD61CEB2EC8003EC9B7 /* SDDISocketReporter.m */,
				56AD9AAD1CEADE8A003EC9B7 /* SDDI.h */,
			);
			path = SDDI;
			sourceTree = "<group>";
		};
/* End PBXGroup section */

/* Begin PBXHeadersBuildPhase section */
		56D382141CF3FADC004801B9 /* Headers */ = {
			isa = PBXHeadersBuildPhase;
			buildActionMask = 2147483647;
			files = (
			);
			runOnlyForDeploymentPostprocessing = 0;
		};
/* End PBXHeadersBuildPhase section */

/* Begin PBXNativeTarget section */
		56D381FE1CF3FA1E004801B9 /* SDDI */ = {
			isa = PBXNativeTarget;
			buildConfigurationList = 56D382051CF3FA1E004801B9 /* Build configuration list for PBXNativeTarget "SDDI" */;
			buildPhases = (
				56D381FB1CF3FA1E004801B9 /* Sources */,
				56D381FC1CF3FA1E004801B9 /* Frameworks */,
				56D381FD1CF3FA1E004801B9 /* CopyFiles */,
			);
			buildRules = (
			);
			dependencies = (
			);
			name = SDDI;
			productName = SDDI;
			productReference = 56D381FF1CF3FA1E004801B9 /* libSDDI.a */;
			productType = "com.apple.product-type.library.static";
		};
		56D382151CF3FADC004801B9 /* SDDX */ = {
			isa = PBXNativeTarget;
			buildConfigurationList = 56D3821C1CF3FADC004801B9 /* Build configuration list for PBXNativeTarget "SDDX" */;
			buildPhases = (
				56D382121CF3FADC004801B9 /* Sources */,
				56D382131CF3FADC004801B9 /* Frameworks */,
				56D382141CF3FADC004801B9 /* Headers */,
			);
			buildRules = (
			);
			dependencies = (
			);
			name = SDDX;
			productName = SDDX;
			productReference = 56D382161CF3FADC004801B9 /* libSDDX.a */;
			productType = "com.apple.product-type.library.static";
		};
/* End PBXNativeTarget section */

/* Begin PBXProject section */
		562CA5311CE5EB1F00861684 /* Project object */ = {
			isa = PBXProject;
			attributes = {
				LastUpgradeCheck = 0730;
				ORGANIZATIONNAME = Flash;
				TargetAttributes = {
					56D381FE1CF3FA1E004801B9 = {
						CreatedOnToolsVersion = 7.3.1;
					};
					56D382151CF3FADC004801B9 = {
						CreatedOnToolsVersion = 7.3.1;
					};
				};
			};
			buildConfigurationList = 562CA5341CE5EB1F00861684 /* Build configuration list for PBXProject "SDD" */;
			compatibilityVersion = "Xcode 3.2";
			developmentRegion = English;
			hasScannedForEncodings = 0;
			knownRegions = (
				en,
			);
			mainGroup = 562CA5301CE5EB1F00861684;
			productRefGroup = 562CA53A1CE5EB1F00861684 /* Products */;
			projectDirPath = "";
			projectRoot = "";
			targets = (
				56D381FE1CF3FA1E004801B9 /* SDDI */,
				56D382151CF3FADC004801B9 /* SDDX */,
			);
		};
/* End PBXProject section */

/* Begin PBXSourcesBuildPhase section */
		56D381FB1CF3FA1E004801B9 /* Sources */ = {
			isa = PBXSourcesBuildPhase;
			buildActionMask = 2147483647;
			files = (
				56D382091CF3FA79004801B9 /* sdd_array.c in Sources */,
				56D3820D1CF3FA79004801B9 /* sdd_parser.c in Sources */,
				56D382111CF3FA79004801B9 /* SDDSchedulerBuilder.m in Sources */,
				56D3820F1CF3FA79004801B9 /* SDDEventsPool.m in Sources */,
				56D3820C1CF3FA79004801B9 /* sdd_builder.yy.c in Sources */,
				56D3820B1CF3FA79004801B9 /* sdd_builder.tab.c in Sources */,
				56D3820E1CF3FA79004801B9 /* VCPDynamic.m in Sources */,
				56D382081CF3FA6C004801B9 /* SDDISocketReporter.m in Sources */,
				56D3820A1CF3FA79004801B9 /* sdd_builder.c in Sources */,
				56D382101CF3FA79004801B9 /* SDDScheduler.m in Sources */,
			);
			runOnlyForDeploymentPostprocessing = 0;
		};
		56D382121CF3FADC004801B9 /* Sources */ = {
			isa = PBXSourcesBuildPhase;
			buildActionMask = 2147483647;
			files = (
				56D382211CF3FAEB004801B9 /* sdd_builder.tab.c in Sources */,
				56D382271CF3FAEB004801B9 /* SDDSchedulerBuilder.m in Sources */,
				56D382291CF3FAEB004801B9 /* SDDServicePeer.m in Sources */,
				56D382231CF3FAEB004801B9 /* sdd_parser.c in Sources */,
				56D382241CF3FAEB004801B9 /* VCPDynamic.m in Sources */,
				56D382251CF3FAEB004801B9 /* SDDEventsPool.m in Sources */,
				56D3822A1CF3FAEB004801B9 /* TCPServer.m in Sources */,
				56D382221CF3FAEB004801B9 /* sdd_builder.yy.c in Sources */,
				56D382261CF3FAEB004801B9 /* SDDScheduler.m in Sources */,
				56D3821F1CF3FAEB004801B9 /* sdd_array.c in Sources */,
				56D382281CF3FAEB004801B9 /* SDDService.m in Sources */,
				56D382201CF3FAEB004801B9 /* sdd_builder.c in Sources */,
			);
			runOnlyForDeploymentPostprocessing = 0;
		};
/* End PBXSourcesBuildPhase section */

/* Begin XCBuildConfiguration section */
		562CA5401CE5EB1F00861684 /* Debug */ = {
			isa = XCBuildConfiguration;
			buildSettings = {
				ALWAYS_SEARCH_USER_PATHS = NO;
				CLANG_ANALYZER_NONNULL = YES;
				CLANG_CXX_LANGUAGE_STANDARD = "gnu++0x";
				CLANG_CXX_LIBRARY = "libc++";
				CLANG_ENABLE_MODULES = YES;
				CLANG_ENABLE_OBJC_ARC = YES;
				CLANG_WARN_BOOL_CONVERSION = YES;
				CLANG_WARN_CONSTANT_CONVERSION = YES;
				CLANG_WARN_DIRECT_OBJC_ISA_USAGE = YES_ERROR;
				CLANG_WARN_EMPTY_BODY = YES;
				CLANG_WARN_ENUM_CONVERSION = YES;
				CLANG_WARN_INT_CONVERSION = YES;
				CLANG_WARN_OBJC_ROOT_CLASS = YES_ERROR;
				CLANG_WARN_UNREACHABLE_CODE = YES;
				CLANG_WARN__DUPLICATE_METHOD_MATCH = YES;
				"CODE_SIGN_IDENTITY[sdk=iphoneos*]" = "iPhone Developer";
				COPY_PHASE_STRIP = NO;
				DEBUG_INFORMATION_FORMAT = dwarf;
				ENABLE_STRICT_OBJC_MSGSEND = YES;
				ENABLE_TESTABILITY = YES;
				GCC_C_LANGUAGE_STANDARD = gnu99;
				GCC_DYNAMIC_NO_PIC = NO;
				GCC_NO_COMMON_BLOCKS = YES;
				GCC_OPTIMIZATION_LEVEL = 0;
				GCC_PREPROCESSOR_DEFINITIONS = (
					"DEBUG=1",
					"$(inherited)",
				);
				GCC_WARN_64_TO_32_BIT_CONVERSION = YES;
				GCC_WARN_ABOUT_RETURN_TYPE = YES_ERROR;
				GCC_WARN_UNDECLARED_SELECTOR = YES;
				GCC_WARN_UNINITIALIZED_AUTOS = YES_AGGRESSIVE;
				GCC_WARN_UNUSED_FUNCTION = YES;
				GCC_WARN_UNUSED_VARIABLE = YES;
				IPHONEOS_DEPLOYMENT_TARGET = 7.0;
				MACOSX_DEPLOYMENT_TARGET = 10.8;
				MTL_ENABLE_DEBUG_INFO = YES;
				ONLY_ACTIVE_ARCH = YES;
				SDKROOT = iphoneos;
			};
			name = Debug;
		};
		562CA5411CE5EB1F00861684 /* Release */ = {
			isa = XCBuildConfiguration;
			buildSettings = {
				ALWAYS_SEARCH_USER_PATHS = NO;
				CLANG_ANALYZER_NONNULL = YES;
				CLANG_CXX_LANGUAGE_STANDARD = "gnu++0x";
				CLANG_CXX_LIBRARY = "libc++";
				CLANG_ENABLE_MODULES = YES;
				CLANG_ENABLE_OBJC_ARC = YES;
				CLANG_WARN_BOOL_CONVERSION = YES;
				CLANG_WARN_CONSTANT_CONVERSION = YES;
				CLANG_WARN_DIRECT_OBJC_ISA_USAGE = YES_ERROR;
				CLANG_WARN_EMPTY_BODY = YES;
				CLANG_WARN_ENUM_CONVERSION = YES;
				CLANG_WARN_INT_CONVERSION = YES;
				CLANG_WARN_OBJC_ROOT_CLASS = YES_ERROR;
				CLANG_WARN_UNREACHABLE_CODE = YES;
				CLANG_WARN__DUPLICATE_METHOD_MATCH = YES;
				"CODE_SIGN_IDENTITY[sdk=iphoneos*]" = "iPhone Developer";
				COPY_PHASE_STRIP = NO;
				DEBUG_INFORMATION_FORMAT = "dwarf-with-dsym";
				ENABLE_NS_ASSERTIONS = NO;
				ENABLE_STRICT_OBJC_MSGSEND = YES;
				GCC_C_LANGUAGE_STANDARD = gnu99;
				GCC_NO_COMMON_BLOCKS = YES;
				GCC_WARN_64_TO_32_BIT_CONVERSION = YES;
				GCC_WARN_ABOUT_RETURN_TYPE = YES_ERROR;
				GCC_WARN_UNDECLARED_SELECTOR = YES;
				GCC_WARN_UNINITIALIZED_AUTOS = YES_AGGRESSIVE;
				GCC_WARN_UNUSED_FUNCTION = YES;
				GCC_WARN_UNUSED_VARIABLE = YES;
				IPHONEOS_DEPLOYMENT_TARGET = 7.0;
				MACOSX_DEPLOYMENT_TARGET = 10.8;
				MTL_ENABLE_DEBUG_INFO = NO;
				SDKROOT = iphoneos;
				VALIDATE_PRODUCT = YES;
			};
			name = Release;
		};
		56D382061CF3FA1E004801B9 /* Debug */ = {
			isa = XCBuildConfiguration;
			buildSettings = {
				IPHONEOS_DEPLOYMENT_TARGET = 7.0;
				OTHER_LDFLAGS = "-ObjC";
				PRODUCT_NAME = "$(TARGET_NAME)";
				SKIP_INSTALL = YES;
			};
			name = Debug;
		};
		56D382071CF3FA1E004801B9 /* Release */ = {
			isa = XCBuildConfiguration;
			buildSettings = {
				IPHONEOS_DEPLOYMENT_TARGET = 7.0;
				OTHER_LDFLAGS = "-ObjC";
				PRODUCT_NAME = "$(TARGET_NAME)";
				SKIP_INSTALL = YES;
			};
			name = Release;
		};
		56D3821D1CF3FADC004801B9 /* Debug */ = {
			isa = XCBuildConfiguration;
			buildSettings = {
				CODE_SIGN_IDENTITY = "-";
				EXECUTABLE_PREFIX = lib;
				MACOSX_DEPLOYMENT_TARGET = 10.7;
				PRODUCT_NAME = "$(TARGET_NAME)";
				SDKROOT = macosx;
			};
			name = Debug;
		};
		56D3821E1CF3FADC004801B9 /* Release */ = {
			isa = XCBuildConfiguration;
			buildSettings = {
				CODE_SIGN_IDENTITY = "-";
				EXECUTABLE_PREFIX = lib;
				MACOSX_DEPLOYMENT_TARGET = 10.7;
				PRODUCT_NAME = "$(TARGET_NAME)";
				SDKROOT = macosx;
			};
			name = Release;
		};
/* End XCBuildConfiguration section */

/* Begin XCConfigurationList section */
		562CA5341CE5EB1F00861684 /* Build configuration list for PBXProject "SDD" */ = {
			isa = XCConfigurationList;
			buildConfigurations = (
				562CA5401CE5EB1F00861684 /* Debug */,
				562CA5411CE5EB1F00861684 /* Release */,
			);
			defaultConfigurationIsVisible = 0;
			defaultConfigurationName = Release;
		};
		56D382051CF3FA1E004801B9 /* Build configuration list for PBXNativeTarget "SDDI" */ = {
			isa = XCConfigurationList;
			buildConfigurations = (
				56D382061CF3FA1E004801B9 /* Debug */,
				56D382071CF3FA1E004801B9 /* Release */,
			);
			defaultConfigurationIsVisible = 0;
		};
		56D3821C1CF3FADC004801B9 /* Build configuration list for PBXNativeTarget "SDDX" */ = {
			isa = XCConfigurationList;
			buildConfigurations = (
				56D3821D1CF3FADC004801B9 /* Debug */,
				56D3821E1CF3FADC004801B9 /* Release */,
			);
			defaultConfigurationIsVisible = 0;
		};
/* End XCConfigurationList section */
	};
	rootObject = 562CA5311CE5EB1F00861684 /* Project object */;
}
